
Microsoft Visual Studio Solution File, Format Version 12.00
# Visual Studio 15
VisualStudioVersion = 15.0.27703.2035
MinimumVisualStudioVersion = 10.0.40219.1
Project("{9A19103F-16F7-4668-BE54-9A1E7A4F7556}") = "GeneratorProject", "PHPGeneratorLaravel\GeneratorProject\GeneratorProject.csproj", "{47106386-138F-4776-8A16-B592CAB1BA68}"
EndProject
Project("{9A19103F-16F7-4668-BE54-9A1E7A4F7556}") = "GeneratorProject.Tests", "PHPGeneratorLaravel\GeneratorProject.Tests\GeneratorProject.Tests.csproj", "{D0D62424-6F33-402E-BE47-8431D75AB0D2}"
EndProject
Global
	GlobalSection(SolutionConfigurationPlatforms) = preSolution
		Debug|Any CPU = Debug|Any CPU
		Release|Any CPU = Release|Any CPU
	EndGlobalSection
	GlobalSection(ProjectConfigurationPlatforms) = postSolution
		{47106386-138F-4776-8A16-B592CAB1BA68}.Debug|Any CPU.ActiveCfg = Debug|Any CPU
		{47106386-138F-4776-8A16-B592CAB1BA68}.Debug|Any CPU.Build.0 = Debug|Any CPU
		{47106386-138F-4776-8A16-B592CAB1BA68}.Release|Any CPU.ActiveCfg = Release|Any CPU
		{47106386-138F-4776-8A16-B592CAB1BA68}.Release|Any CPU.Build.0 = Release|Any CPU
		{D0D62424-6F33-402E-BE47-8431D75AB0D2}.Debug|Any CPU.ActiveCfg = Debug|Any CPU
		{D0D62424-6F33-402E-BE47-8431D75AB0D2}.Debug|Any CPU.Build.0 = Debug|Any CPU
		{D0D62424-6F33-402E-BE47-8431D75AB0D2}.Release|Any CPU.ActiveCfg = Release|Any CPU
		{D0D62424-6F33-402E-BE47-8431D75AB0D2}.Release|Any CPU.Build.0 = Release|Any CPU
	EndGlobalSection
	GlobalSection(SolutionProperties) = preSolution
		HideSolutionNode = FALSE
	EndGlobalSection
	GlobalSection(ExtensibilityGlobals) = postSolution
		SolutionGuid = {730D7C98-6211-47CB-B1A1-C9ACEB519D00}
	EndGlobalSection
EndGlobal
