
Microsoft Visual Studio Solution File, Format Version 12.00
# Visual Studio 15
VisualStudioVersion = 15.0.27703.2035
MinimumVisualStudioVersion = 10.0.40219.1
Project("{FAE04EC0-301F-11D3-BF4B-00C04F79EFBC}") = "GeneratorProject", "PHPGeneratorLaravel\GeneratorProject\GeneratorProject.csproj", "{47106386-138F-4776-8A16-B592CAB1BA68}"
EndProject
Project("{FAE04EC0-301F-11D3-BF4B-00C04F79EFBC}") = "GeneratorProject.Tests", "PHPGeneratorLaravel\GeneratorProject.Tests\GeneratorProject.Tests.csproj", "{1EBB967E-DBEF-4DA0-8D01-01C7B92CFCB8}"
EndProject
Global
	GlobalSection(SolutionConfigurationPlatforms) = preSolution
		Debug|Any CPU = Debug|Any CPU
		Release|Any CPU = Release|Any CPU
	EndGlobalSection
	GlobalSection(ProjectConfigurationPlatforms) = postSolution
		{47106386-138F-4776-8A16-B592CAB1BA68}.Debug|Any CPU.ActiveCfg = Debug|Any CPU
		{47106386-138F-4776-8A16-B592CAB1BA68}.Debug|Any CPU.Build.0 = Debug|Any CPU
		{47106386-138F-4776-8A16-B592CAB1BA68}.Release|Any CPU.ActiveCfg = Release|Any CPU
		{47106386-138F-4776-8A16-B592CAB1BA68}.Release|Any CPU.Build.0 = Release|Any CPU
		{1EBB967E-DBEF-4DA0-8D01-01C7B92CFCB8}.Debug|Any CPU.ActiveCfg = Debug|Any CPU
		{1EBB967E-DBEF-4DA0-8D01-01C7B92CFCB8}.Debug|Any CPU.Build.0 = Debug|Any CPU
		{1EBB967E-DBEF-4DA0-8D01-01C7B92CFCB8}.Release|Any CPU.ActiveCfg = Release|Any CPU
		{1EBB967E-DBEF-4DA0-8D01-01C7B92CFCB8}.Release|Any CPU.Build.0 = Release|Any CPU
	EndGlobalSection
	GlobalSection(SolutionProperties) = preSolution
		HideSolutionNode = FALSE
	EndGlobalSection
	GlobalSection(ExtensibilityGlobals) = postSolution
		SolutionGuid = {730D7C98-6211-47CB-B1A1-C9ACEB519D00}
	EndGlobalSection
EndGlobal
